
Microsoft Visual Studio Solution File, Format Version 12.00
# Visual Studio Version 17
VisualStudioVersion = 17.2.32616.157
MinimumVisualStudioVersion = 10.0.40219.1
Project("{FAE04EC0-301F-11D3-BF4B-00C04F79EFBC}") = "IntroBot", "IntroBot\IntroBot.csproj", "{56EB860A-CB5B-4E48-A17E-E8ABCAB3D25E}"
EndProject
Global
	GlobalSection(SolutionConfigurationPlatforms) = preSolution
		Debug|Any CPU = Debug|Any CPU
		Release|Any CPU = Release|Any CPU
	EndGlobalSection
	GlobalSection(ProjectConfigurationPlatforms) = postSolution
		{56EB860A-CB5B-4E48-A17E-E8ABCAB3D25E}.Debug|Any CPU.ActiveCfg = Debug|Any CPU
		{56EB860A-CB5B-4E48-A17E-E8ABCAB3D25E}.Debug|Any CPU.Build.0 = Debug|Any CPU
		{56EB860A-CB5B-4E48-A17E-E8ABCAB3D25E}.Release|Any CPU.ActiveCfg = Release|Any CPU
		{56EB860A-CB5B-4E48-A17E-E8ABCAB3D25E}.Release|Any CPU.Build.0 = Release|Any CPU
	EndGlobalSection
	GlobalSection(SolutionProperties) = preSolution
		HideSolutionNode = FALSE
	EndGlobalSection
	GlobalSection(ExtensibilityGlobals) = postSolution
		SolutionGuid = {0EE6D515-6158-48F1-B146-73814F3C038A}
	EndGlobalSection
EndGlobal
